
Microsoft Visual Studio Solution File, Format Version 12.00
# Visual Studio Version 17
VisualStudioVersion = 17.7.34031.279
MinimumVisualStudioVersion = 10.0.40219.1
Project("{2150E333-8FDC-42A3-9474-1A3956D46DE8}") = "src", "src", "{3581FE58-7940-4349-A481-7E68245AB03D}"
EndProject
Project("{2150E333-8FDC-42A3-9474-1A3956D46DE8}") = "Api", "Api", "{A6F8A4C6-59A1-4187-9DFA-AEA61A7EABDC}"
EndProject
Project("{2150E333-8FDC-42A3-9474-1A3956D46DE8}") = "Common", "Common", "{C393E10E-0BDE-4B6B-9A15-E770BC8DC0F4}"
EndProject
Project("{2150E333-8FDC-42A3-9474-1A3956D46DE8}") = "Core", "Core", "{C59DF360-0442-48C3-BA92-DDD2A5DD6441}"
EndProject
Project("{2150E333-8FDC-42A3-9474-1A3956D46DE8}") = "Infrastructure", "Infrastructure", "{5E7EB3E6-B490-4957-BD9F-D1F58DDCEB3C}"
EndProject
Project("{FAE04EC0-301F-11D3-BF4B-00C04F79EFBC}") = "Algar.Hours.Api", "src\Algar.Hours.Api\Algar.Hours.Api.csproj", "{6BCE116A-4168-470D-AB6F-301DD0EC890D}"
EndProject
Project("{FAE04EC0-301F-11D3-BF4B-00C04F79EFBC}") = "Algar.Hours.Domain", "src\Algar.Hours.Domain\Algar.Hours.Domain.csproj", "{6C43698C-38CD-4E5E-A952-5FE7098E5662}"
EndProject
Project("{FAE04EC0-301F-11D3-BF4B-00C04F79EFBC}") = "Algar.Hours.Application", "src\Algar.Hours.Domain.Application\Algar.Hours.Application.csproj", "{017DED10-283F-4259-A754-C14F3A30D919}"
EndProject
Project("{FAE04EC0-301F-11D3-BF4B-00C04F79EFBC}") = "Algar.Hours.Persistence", "src\Algar.Hours.Persistence\Algar.Hours.Persistence.csproj", "{D108F585-FBB0-4856-9BBC-0943FE38FB44}"
EndProject
Project("{FAE04EC0-301F-11D3-BF4B-00C04F79EFBC}") = "Algar.Hours.External", "src\Algar.Hours.External\Algar.Hours.External.csproj", "{39EF928E-54DB-4A82-A7C6-31A2A4DC33D4}"
EndProject
Project("{FAE04EC0-301F-11D3-BF4B-00C04F79EFBC}") = "Algar.Hours.Common", "src\Algar.Hours.Common\Algar.Hours.Common.csproj", "{BEAAC40E-ECFC-4686-A87C-D2B165DB683A}"
EndProject
Global
	GlobalSection(SolutionConfigurationPlatforms) = preSolution
		Debug|Any CPU = Debug|Any CPU
		Release|Any CPU = Release|Any CPU
	EndGlobalSection
	GlobalSection(ProjectConfigurationPlatforms) = postSolution
		{6BCE116A-4168-470D-AB6F-301DD0EC890D}.Debug|Any CPU.ActiveCfg = Debug|Any CPU
		{6BCE116A-4168-470D-AB6F-301DD0EC890D}.Debug|Any CPU.Build.0 = Debug|Any CPU
		{6BCE116A-4168-470D-AB6F-301DD0EC890D}.Release|Any CPU.ActiveCfg = Release|Any CPU
		{6BCE116A-4168-470D-AB6F-301DD0EC890D}.Release|Any CPU.Build.0 = Release|Any CPU
		{6C43698C-38CD-4E5E-A952-5FE7098E5662}.Debug|Any CPU.ActiveCfg = Debug|Any CPU
		{6C43698C-38CD-4E5E-A952-5FE7098E5662}.Debug|Any CPU.Build.0 = Debug|Any CPU
		{6C43698C-38CD-4E5E-A952-5FE7098E5662}.Release|Any CPU.ActiveCfg = Release|Any CPU
		{6C43698C-38CD-4E5E-A952-5FE7098E5662}.Release|Any CPU.Build.0 = Release|Any CPU
		{017DED10-283F-4259-A754-C14F3A30D919}.Debug|Any CPU.ActiveCfg = Debug|Any CPU
		{017DED10-283F-4259-A754-C14F3A30D919}.Debug|Any CPU.Build.0 = Debug|Any CPU
		{017DED10-283F-4259-A754-C14F3A30D919}.Release|Any CPU.ActiveCfg = Release|Any CPU
		{017DED10-283F-4259-A754-C14F3A30D919}.Release|Any CPU.Build.0 = Release|Any CPU
		{D108F585-FBB0-4856-9BBC-0943FE38FB44}.Debug|Any CPU.ActiveCfg = Debug|Any CPU
		{D108F585-FBB0-4856-9BBC-0943FE38FB44}.Debug|Any CPU.Build.0 = Debug|Any CPU
		{D108F585-FBB0-4856-9BBC-0943FE38FB44}.Release|Any CPU.ActiveCfg = Release|Any CPU
		{D108F585-FBB0-4856-9BBC-0943FE38FB44}.Release|Any CPU.Build.0 = Release|Any CPU
		{39EF928E-54DB-4A82-A7C6-31A2A4DC33D4}.Debug|Any CPU.ActiveCfg = Debug|Any CPU
		{39EF928E-54DB-4A82-A7C6-31A2A4DC33D4}.Debug|Any CPU.Build.0 = Debug|Any CPU
		{39EF928E-54DB-4A82-A7C6-31A2A4DC33D4}.Release|Any CPU.ActiveCfg = Release|Any CPU
		{39EF928E-54DB-4A82-A7C6-31A2A4DC33D4}.Release|Any CPU.Build.0 = Release|Any CPU
		{BEAAC40E-ECFC-4686-A87C-D2B165DB683A}.Debug|Any CPU.ActiveCfg = Debug|Any CPU
		{BEAAC40E-ECFC-4686-A87C-D2B165DB683A}.Debug|Any CPU.Build.0 = Debug|Any CPU
		{BEAAC40E-ECFC-4686-A87C-D2B165DB683A}.Release|Any CPU.ActiveCfg = Release|Any CPU
		{BEAAC40E-ECFC-4686-A87C-D2B165DB683A}.Release|Any CPU.Build.0 = Release|Any CPU
	EndGlobalSection
	GlobalSection(SolutionProperties) = preSolution
		HideSolutionNode = FALSE
	EndGlobalSection
	GlobalSection(NestedProjects) = preSolution
		{A6F8A4C6-59A1-4187-9DFA-AEA61A7EABDC} = {3581FE58-7940-4349-A481-7E68245AB03D}
		{C393E10E-0BDE-4B6B-9A15-E770BC8DC0F4} = {3581FE58-7940-4349-A481-7E68245AB03D}
		{C59DF360-0442-48C3-BA92-DDD2A5DD6441} = {3581FE58-7940-4349-A481-7E68245AB03D}
		{5E7EB3E6-B490-4957-BD9F-D1F58DDCEB3C} = {3581FE58-7940-4349-A481-7E68245AB03D}
		{6BCE116A-4168-470D-AB6F-301DD0EC890D} = {A6F8A4C6-59A1-4187-9DFA-AEA61A7EABDC}
		{6C43698C-38CD-4E5E-A952-5FE7098E5662} = {C59DF360-0442-48C3-BA92-DDD2A5DD6441}
		{017DED10-283F-4259-A754-C14F3A30D919} = {C59DF360-0442-48C3-BA92-DDD2A5DD6441}
		{D108F585-FBB0-4856-9BBC-0943FE38FB44} = {5E7EB3E6-B490-4957-BD9F-D1F58DDCEB3C}
		{39EF928E-54DB-4A82-A7C6-31A2A4DC33D4} = {5E7EB3E6-B490-4957-BD9F-D1F58DDCEB3C}
		{BEAAC40E-ECFC-4686-A87C-D2B165DB683A} = {C393E10E-0BDE-4B6B-9A15-E770BC8DC0F4}
	EndGlobalSection
	GlobalSection(ExtensibilityGlobals) = postSolution
		SolutionGuid = {ACDBF5F9-D982-428C-97E3-DF5B4F9F9738}
	EndGlobalSection
EndGlobal
